// !$*UTF8*$!
{
	archiveVersion = 1;
	classes = {
	};
	objectVersion = 46;
	objects = {

/* Begin PBXBuildFile section */
		062B03041F075673006B5C5B /* Info.plist in Resources */ = {isa = PBXBuildFile; fileRef = 062B03011F075673006B5C5B /* Info.plist */; };
		062B03051F075673006B5C5B /* SCLAlertView.swift in Sources */ = {isa = PBXBuildFile; fileRef = 062B03021F075673006B5C5B /* SCLAlertView.swift */; };
		062B03061F075673006B5C5B /* SCLExtensions.swift in Sources */ = {isa = PBXBuildFile; fileRef = 062B03031F075673006B5C5B /* SCLExtensions.swift */; };
		062F07D21F01C8F6008F3014 /* AppDelegate.swift in Sources */ = {isa = PBXBuildFile; fileRef = 062F07D11F01C8F6008F3014 /* AppDelegate.swift */; };
		062F07D41F01C8F6008F3014 /* LoginController.swift in Sources */ = {isa = PBXBuildFile; fileRef = 062F07D31F01C8F6008F3014 /* LoginController.swift */; };
		062F07DA1F01C8F7008F3014 /* Pluto.xcdatamodeld in Sources */ = {isa = PBXBuildFile; fileRef = 062F07D81F01C8F7008F3014 /* Pluto.xcdatamodeld */; };
		062F07DC1F01C8F7008F3014 /* Assets.xcassets in Resources */ = {isa = PBXBuildFile; fileRef = 062F07DB1F01C8F7008F3014 /* Assets.xcassets */; };
		062F07DF1F01C8F7008F3014 /* LaunchScreen.storyboard in Resources */ = {isa = PBXBuildFile; fileRef = 062F07DD1F01C8F7008F3014 /* LaunchScreen.storyboard */; };
		064AC71E1F0843C6009B7FE0 /* MessageInputContainerView.swift in Sources */ = {isa = PBXBuildFile; fileRef = 064AC71D1F0843C6009B7FE0 /* MessageInputContainerView.swift */; };
		068993901F0C048500899045 /* Extensions.swift in Sources */ = {isa = PBXBuildFile; fileRef = 0689938F1F0C048500899045 /* Extensions.swift */; };
		06A2F14D1F01EBF700FCA614 /* GoogleService-Info.plist in Resources */ = {isa = PBXBuildFile; fileRef = 06A2F14C1F01EBF700FCA614 /* GoogleService-Info.plist */; };
		06A2F1501F01F24E00FCA614 /* DataService.swift in Sources */ = {isa = PBXBuildFile; fileRef = 06A2F14F1F01F24E00FCA614 /* DataService.swift */; };
		06A2F1521F02004100FCA614 /* MainController.swift in Sources */ = {isa = PBXBuildFile; fileRef = 06A2F1511F02004100FCA614 /* MainController.swift */; };
		06A2F1541F02216900FCA614 /* LoginController+handlers.swift in Sources */ = {isa = PBXBuildFile; fileRef = 06A2F1531F02216900FCA614 /* LoginController+handlers.swift */; };
		06A2F1581F0229F500FCA614 /* User.swift in Sources */ = {isa = PBXBuildFile; fileRef = 06A2F1571F0229F500FCA614 /* User.swift */; };
		06A2F15C1F02FBD200FCA614 /* MenuBar.swift in Sources */ = {isa = PBXBuildFile; fileRef = 06A2F15B1F02FBD200FCA614 /* MenuBar.swift */; };
		06A2F15F1F03127B00FCA614 /* MainController+handlers.swift in Sources */ = {isa = PBXBuildFile; fileRef = 06A2F15E1F03127B00FCA614 /* MainController+handlers.swift */; };
		06A2F1631F031A3900FCA614 /* MenuCell.swift in Sources */ = {isa = PBXBuildFile; fileRef = 06A2F1621F031A3900FCA614 /* MenuCell.swift */; };
		06A2F1651F031AC800FCA614 /* BaseCollectionViewCell.swift in Sources */ = {isa = PBXBuildFile; fileRef = 06A2F1641F031AC800FCA614 /* BaseCollectionViewCell.swift */; };
		06A2F1681F032E5C00FCA614 /* Constants.swift in Sources */ = {isa = PBXBuildFile; fileRef = 06A2F1671F032E5C00FCA614 /* Constants.swift */; };
		06A2F16A1F03366100FCA614 /* Event.swift in Sources */ = {isa = PBXBuildFile; fileRef = 06A2F1691F03366100FCA614 /* Event.swift */; };
		06A2F16C1F03721C00FCA614 /* MapCell.swift in Sources */ = {isa = PBXBuildFile; fileRef = 06A2F16B1F03721C00FCA614 /* MapCell.swift */; };
		06A2F16E1F037BB500FCA614 /* MessagesCell.swift in Sources */ = {isa = PBXBuildFile; fileRef = 06A2F16D1F037BB500FCA614 /* MessagesCell.swift */; };
		06A2F1741F04089D00FCA614 /* EventController.swift in Sources */ = {isa = PBXBuildFile; fileRef = 06A2F1731F04089D00FCA614 /* EventController.swift */; };
		06A2F1881F041CAA00FCA614 /* GeoFire.m in Sources */ = {isa = PBXBuildFile; fileRef = 06A2F17F1F041CAA00FCA614 /* GeoFire.m */; };
		06A2F1891F041CAA00FCA614 /* GFBase32Utils.m in Sources */ = {isa = PBXBuildFile; fileRef = 06A2F1811F041CAA00FCA614 /* GFBase32Utils.m */; };
		06A2F18A1F041CAA00FCA614 /* GFGeoHash.m in Sources */ = {isa = PBXBuildFile; fileRef = 06A2F1831F041CAA00FCA614 /* GFGeoHash.m */; };
		06A2F18B1F041CAA00FCA614 /* GFGeoHashQuery.m in Sources */ = {isa = PBXBuildFile; fileRef = 06A2F1851F041CAA00FCA614 /* GFGeoHashQuery.m */; };
		06A2F18C1F041CAA00FCA614 /* GFQuery.m in Sources */ = {isa = PBXBuildFile; fileRef = 06A2F1871F041CAA00FCA614 /* GFQuery.m */; };
		06A2F18F1F045C4E00FCA614 /* EventService.swift in Sources */ = {isa = PBXBuildFile; fileRef = 06A2F18E1F045C4E00FCA614 /* EventService.swift */; };
		06A2F1911F04B6A300FCA614 /* EventAnnotation.swift in Sources */ = {isa = PBXBuildFile; fileRef = 06A2F1901F04B6A300FCA614 /* EventAnnotation.swift */; };
		06A2F1931F04BAAB00FCA614 /* UserService.swift in Sources */ = {isa = PBXBuildFile; fileRef = 06A2F1921F04BAAB00FCA614 /* UserService.swift */; };
		06A2F1951F055DEA00FCA614 /* MessageLogController.swift in Sources */ = {isa = PBXBuildFile; fileRef = 06A2F1941F055DEA00FCA614 /* MessageLogController.swift */; };
		06A2F1981F0583C300FCA614 /* EventMessagesPreviewCell.swift in Sources */ = {isa = PBXBuildFile; fileRef = 06A2F1971F0583C300FCA614 /* EventMessagesPreviewCell.swift */; };
		06A2F19A1F058FF300FCA614 /* Message.swift in Sources */ = {isa = PBXBuildFile; fileRef = 06A2F1991F058FF300FCA614 /* Message.swift */; };
		06A2F19C1F05915000FCA614 /* MessageService.swift in Sources */ = {isa = PBXBuildFile; fileRef = 06A2F19B1F05915000FCA614 /* MessageService.swift */; };
		06A2F19E1F06275D00FCA614 /* MessageBubbleCell.swift in Sources */ = {isa = PBXBuildFile; fileRef = 06A2F19D1F06275D00FCA614 /* MessageBubbleCell.swift */; };
		06AE9A071F0EDA92006F5BD5 /* CustomFormRows.swift in Sources */ = {isa = PBXBuildFile; fileRef = 06AE9A061F0EDA92006F5BD5 /* CustomFormRows.swift */; };
		06AE9A091F102035006F5BD5 /* LocationService.swift in Sources */ = {isa = PBXBuildFile; fileRef = 06AE9A081F102035006F5BD5 /* LocationService.swift */; };
		06EDB2B81F1328F10066FF2E /* FriendsView.swift in Sources */ = {isa = PBXBuildFile; fileRef = 06EDB2B71F1328F10066FF2E /* FriendsView.swift */; };
		06EDB2BC1F134DC00066FF2E /* FriendCell.swift in Sources */ = {isa = PBXBuildFile; fileRef = 06EDB2BB1F134DC00066FF2E /* FriendCell.swift */; };
		06EDB2BF1F13D5440066FF2E /* ProfileController.swift in Sources */ = {isa = PBXBuildFile; fileRef = 06EDB2BE1F13D5440066FF2E /* ProfileController.swift */; };
		06EDB2C11F13E5570066FF2E /* EventCell.swift in Sources */ = {isa = PBXBuildFile; fileRef = 06EDB2C01F13E5570066FF2E /* EventCell.swift */; };
		59A92D86D3E4CD59512A36D6 /* Pods_Pluto.framework in Frameworks */ = {isa = PBXBuildFile; fileRef = CF89C375029B119D199AE2CB /* Pods_Pluto.framework */; };
/* End PBXBuildFile section */

/* Begin PBXFileReference section */
		00B237370D2F0E28D0100195 /* Pods_PlutoTests.framework */ = {isa = PBXFileReference; explicitFileType = wrapper.framework; includeInIndex = 0; path = Pods_PlutoTests.framework; sourceTree = BUILT_PRODUCTS_DIR; };
		062B03011F075673006B5C5B /* Info.plist */ = {isa = PBXFileReference; fileEncoding = 4; lastKnownFileType = text.plist.xml; path = Info.plist; sourceTree = "<group>"; };
		062B03021F075673006B5C5B /* SCLAlertView.swift */ = {isa = PBXFileReference; fileEncoding = 4; lastKnownFileType = sourcecode.swift; path = SCLAlertView.swift; sourceTree = "<group>"; };
		062B03031F075673006B5C5B /* SCLExtensions.swift */ = {isa = PBXFileReference; fileEncoding = 4; lastKnownFileType = sourcecode.swift; path = SCLExtensions.swift; sourceTree = "<group>"; };
		062F07CE1F01C8F6008F3014 /* Pluto.app */ = {isa = PBXFileReference; explicitFileType = wrapper.application; includeInIndex = 0; path = Pluto.app; sourceTree = BUILT_PRODUCTS_DIR; };
		062F07D11F01C8F6008F3014 /* AppDelegate.swift */ = {isa = PBXFileReference; lastKnownFileType = sourcecode.swift; path = AppDelegate.swift; sourceTree = "<group>"; };
		062F07D31F01C8F6008F3014 /* LoginController.swift */ = {isa = PBXFileReference; lastKnownFileType = sourcecode.swift; path = LoginController.swift; sourceTree = "<group>"; };
		062F07D91F01C8F7008F3014 /* Pluto.xcdatamodel */ = {isa = PBXFileReference; lastKnownFileType = wrapper.xcdatamodel; path = Pluto.xcdatamodel; sourceTree = "<group>"; };
		062F07DB1F01C8F7008F3014 /* Assets.xcassets */ = {isa = PBXFileReference; lastKnownFileType = folder.assetcatalog; path = Assets.xcassets; sourceTree = "<group>"; };
		062F07DE1F01C8F7008F3014 /* Base */ = {isa = PBXFileReference; lastKnownFileType = file.storyboard; name = Base; path = Base.lproj/LaunchScreen.storyboard; sourceTree = "<group>"; };
		062F07E01F01C8F7008F3014 /* Info.plist */ = {isa = PBXFileReference; lastKnownFileType = text.plist.xml; path = Info.plist; sourceTree = "<group>"; };
		064AC71D1F0843C6009B7FE0 /* MessageInputContainerView.swift */ = {isa = PBXFileReference; fileEncoding = 4; lastKnownFileType = sourcecode.swift; path = MessageInputContainerView.swift; sourceTree = "<group>"; };
		0689938F1F0C048500899045 /* Extensions.swift */ = {isa = PBXFileReference; fileEncoding = 4; lastKnownFileType = sourcecode.swift; path = Extensions.swift; sourceTree = "<group>"; };
		06A2F14C1F01EBF700FCA614 /* GoogleService-Info.plist */ = {isa = PBXFileReference; fileEncoding = 4; lastKnownFileType = text.plist.xml; path = "GoogleService-Info.plist"; sourceTree = "<group>"; };
		06A2F14F1F01F24E00FCA614 /* DataService.swift */ = {isa = PBXFileReference; fileEncoding = 4; lastKnownFileType = sourcecode.swift; path = DataService.swift; sourceTree = "<group>"; };
		06A2F1511F02004100FCA614 /* MainController.swift */ = {isa = PBXFileReference; fileEncoding = 4; lastKnownFileType = sourcecode.swift; path = MainController.swift; sourceTree = "<group>"; };
		06A2F1531F02216900FCA614 /* LoginController+handlers.swift */ = {isa = PBXFileReference; fileEncoding = 4; lastKnownFileType = sourcecode.swift; path = "LoginController+handlers.swift"; sourceTree = "<group>"; };
		06A2F1571F0229F500FCA614 /* User.swift */ = {isa = PBXFileReference; fileEncoding = 4; lastKnownFileType = sourcecode.swift; path = User.swift; sourceTree = "<group>"; };
		06A2F1591F02C0B100FCA614 /* Pluto.entitlements */ = {isa = PBXFileReference; lastKnownFileType = text.plist.entitlements; path = Pluto.entitlements; sourceTree = "<group>"; };
		06A2F15B1F02FBD200FCA614 /* MenuBar.swift */ = {isa = PBXFileReference; fileEncoding = 4; lastKnownFileType = sourcecode.swift; path = MenuBar.swift; sourceTree = "<group>"; };
		06A2F15E1F03127B00FCA614 /* MainController+handlers.swift */ = {isa = PBXFileReference; fileEncoding = 4; lastKnownFileType = sourcecode.swift; path = "MainController+handlers.swift"; sourceTree = "<group>"; };
		06A2F1621F031A3900FCA614 /* MenuCell.swift */ = {isa = PBXFileReference; fileEncoding = 4; lastKnownFileType = sourcecode.swift; path = MenuCell.swift; sourceTree = "<group>"; };
		06A2F1641F031AC800FCA614 /* BaseCollectionViewCell.swift */ = {isa = PBXFileReference; fileEncoding = 4; lastKnownFileType = sourcecode.swift; path = BaseCollectionViewCell.swift; sourceTree = "<group>"; };
		06A2F1671F032E5C00FCA614 /* Constants.swift */ = {isa = PBXFileReference; fileEncoding = 4; lastKnownFileType = sourcecode.swift; path = Constants.swift; sourceTree = "<group>"; };
		06A2F1691F03366100FCA614 /* Event.swift */ = {isa = PBXFileReference; fileEncoding = 4; lastKnownFileType = sourcecode.swift; path = Event.swift; sourceTree = "<group>"; };
		06A2F16B1F03721C00FCA614 /* MapCell.swift */ = {isa = PBXFileReference; fileEncoding = 4; lastKnownFileType = sourcecode.swift; path = MapCell.swift; sourceTree = "<group>"; };
		06A2F16D1F037BB500FCA614 /* MessagesCell.swift */ = {isa = PBXFileReference; fileEncoding = 4; lastKnownFileType = sourcecode.swift; path = MessagesCell.swift; sourceTree = "<group>"; };
		06A2F1731F04089D00FCA614 /* EventController.swift */ = {isa = PBXFileReference; fileEncoding = 4; lastKnownFileType = sourcecode.swift; path = EventController.swift; sourceTree = "<group>"; };
		06A2F1781F041CAA00FCA614 /* GeoFire.h */ = {isa = PBXFileReference; fileEncoding = 4; lastKnownFileType = sourcecode.c.h; path = GeoFire.h; sourceTree = "<group>"; };
		06A2F1791F041CAA00FCA614 /* GFCircleQuery.h */ = {isa = PBXFileReference; fileEncoding = 4; lastKnownFileType = sourcecode.c.h; path = GFCircleQuery.h; sourceTree = "<group>"; };
		06A2F17A1F041CAA00FCA614 /* GFQuery.h */ = {isa = PBXFileReference; fileEncoding = 4; lastKnownFileType = sourcecode.c.h; path = GFQuery.h; sourceTree = "<group>"; };
		06A2F17B1F041CAA00FCA614 /* GFRegionQuery.h */ = {isa = PBXFileReference; fileEncoding = 4; lastKnownFileType = sourcecode.c.h; path = GFRegionQuery.h; sourceTree = "<group>"; };
		06A2F17C1F041CAA00FCA614 /* GeoFire-Prefix.pch */ = {isa = PBXFileReference; fileEncoding = 4; lastKnownFileType = sourcecode.c.h; path = "GeoFire-Prefix.pch"; sourceTree = "<group>"; };
		06A2F17E1F041CAA00FCA614 /* GeoFire+Private.h */ = {isa = PBXFileReference; fileEncoding = 4; lastKnownFileType = sourcecode.c.h; path = "GeoFire+Private.h"; sourceTree = "<group>"; };
		06A2F17F1F041CAA00FCA614 /* GeoFire.m */ = {isa = PBXFileReference; fileEncoding = 4; lastKnownFileType = sourcecode.c.objc; path = GeoFire.m; sourceTree = "<group>"; };
		06A2F1801F041CAA00FCA614 /* GFBase32Utils.h */ = {isa = PBXFileReference; fileEncoding = 4; lastKnownFileType = sourcecode.c.h; path = GFBase32Utils.h; sourceTree = "<group>"; };
		06A2F1811F041CAA00FCA614 /* GFBase32Utils.m */ = {isa = PBXFileReference; fileEncoding = 4; lastKnownFileType = sourcecode.c.objc; path = GFBase32Utils.m; sourceTree = "<group>"; };
		06A2F1821F041CAA00FCA614 /* GFGeoHash.h */ = {isa = PBXFileReference; fileEncoding = 4; lastKnownFileType = sourcecode.c.h; path = GFGeoHash.h; sourceTree = "<group>"; };
		06A2F1831F041CAA00FCA614 /* GFGeoHash.m */ = {isa = PBXFileReference; fileEncoding = 4; lastKnownFileType = sourcecode.c.objc; path = GFGeoHash.m; sourceTree = "<group>"; };
		06A2F1841F041CAA00FCA614 /* GFGeoHashQuery.h */ = {isa = PBXFileReference; fileEncoding = 4; lastKnownFileType = sourcecode.c.h; path = GFGeoHashQuery.h; sourceTree = "<group>"; };
		06A2F1851F041CAA00FCA614 /* GFGeoHashQuery.m */ = {isa = PBXFileReference; fileEncoding = 4; lastKnownFileType = sourcecode.c.objc; path = GFGeoHashQuery.m; sourceTree = "<group>"; };
		06A2F1861F041CAA00FCA614 /* GFQuery+Private.h */ = {isa = PBXFileReference; fileEncoding = 4; lastKnownFileType = sourcecode.c.h; path = "GFQuery+Private.h"; sourceTree = "<group>"; };
		06A2F1871F041CAA00FCA614 /* GFQuery.m */ = {isa = PBXFileReference; fileEncoding = 4; lastKnownFileType = sourcecode.c.objc; path = GFQuery.m; sourceTree = "<group>"; };
		06A2F18D1F041D1500FCA614 /* Pluto-Bridging-Header.h */ = {isa = PBXFileReference; lastKnownFileType = sourcecode.c.h; path = "Pluto-Bridging-Header.h"; sourceTree = "<group>"; };
		06A2F18E1F045C4E00FCA614 /* EventService.swift */ = {isa = PBXFileReference; fileEncoding = 4; lastKnownFileType = sourcecode.swift; path = EventService.swift; sourceTree = "<group>"; };
		06A2F1901F04B6A300FCA614 /* EventAnnotation.swift */ = {isa = PBXFileReference; fileEncoding = 4; lastKnownFileType = sourcecode.swift; path = EventAnnotation.swift; sourceTree = "<group>"; };
		06A2F1921F04BAAB00FCA614 /* UserService.swift */ = {isa = PBXFileReference; fileEncoding = 4; lastKnownFileType = sourcecode.swift; path = UserService.swift; sourceTree = "<group>"; };
		06A2F1941F055DEA00FCA614 /* MessageLogController.swift */ = {isa = PBXFileReference; fileEncoding = 4; lastKnownFileType = sourcecode.swift; path = MessageLogController.swift; sourceTree = "<group>"; };
		06A2F1971F0583C300FCA614 /* EventMessagesPreviewCell.swift */ = {isa = PBXFileReference; fileEncoding = 4; lastKnownFileType = sourcecode.swift; path = EventMessagesPreviewCell.swift; sourceTree = "<group>"; };
		06A2F1991F058FF300FCA614 /* Message.swift */ = {isa = PBXFileReference; fileEncoding = 4; lastKnownFileType = sourcecode.swift; path = Message.swift; sourceTree = "<group>"; };
		06A2F19B1F05915000FCA614 /* MessageService.swift */ = {isa = PBXFileReference; fileEncoding = 4; lastKnownFileType = sourcecode.swift; path = MessageService.swift; sourceTree = "<group>"; };
		06A2F19D1F06275D00FCA614 /* MessageBubbleCell.swift */ = {isa = PBXFileReference; fileEncoding = 4; lastKnownFileType = sourcecode.swift; path = MessageBubbleCell.swift; sourceTree = "<group>"; };
		06AE9A061F0EDA92006F5BD5 /* CustomFormRows.swift */ = {isa = PBXFileReference; fileEncoding = 4; lastKnownFileType = sourcecode.swift; path = CustomFormRows.swift; sourceTree = "<group>"; };
		06AE9A081F102035006F5BD5 /* LocationService.swift */ = {isa = PBXFileReference; fileEncoding = 4; lastKnownFileType = sourcecode.swift; path = LocationService.swift; sourceTree = "<group>"; };
		06EDB2B71F1328F10066FF2E /* FriendsView.swift */ = {isa = PBXFileReference; fileEncoding = 4; lastKnownFileType = sourcecode.swift; path = FriendsView.swift; sourceTree = "<group>"; };
		06EDB2BB1F134DC00066FF2E /* FriendCell.swift */ = {isa = PBXFileReference; fileEncoding = 4; lastKnownFileType = sourcecode.swift; path = FriendCell.swift; sourceTree = "<group>"; };
		06EDB2BE1F13D5440066FF2E /* ProfileController.swift */ = {isa = PBXFileReference; fileEncoding = 4; lastKnownFileType = sourcecode.swift; path = ProfileController.swift; sourceTree = "<group>"; };
		06EDB2C01F13E5570066FF2E /* EventCell.swift */ = {isa = PBXFileReference; fileEncoding = 4; lastKnownFileType = sourcecode.swift; path = EventCell.swift; sourceTree = "<group>"; };
		2E88C97749A68A95B04F28AB /* Pods-Pluto.debug.xcconfig */ = {isa = PBXFileReference; includeInIndex = 1; lastKnownFileType = text.xcconfig; name = "Pods-Pluto.debug.xcconfig"; path = "Pods/Target Support Files/Pods-Pluto/Pods-Pluto.debug.xcconfig"; sourceTree = "<group>"; };
		46ABF12315458623F5736911 /* Pods-Pluto.release.xcconfig */ = {isa = PBXFileReference; includeInIndex = 1; lastKnownFileType = text.xcconfig; name = "Pods-Pluto.release.xcconfig"; path = "Pods/Target Support Files/Pods-Pluto/Pods-Pluto.release.xcconfig"; sourceTree = "<group>"; };
		CF89C375029B119D199AE2CB /* Pods_Pluto.framework */ = {isa = PBXFileReference; explicitFileType = wrapper.framework; includeInIndex = 0; path = Pods_Pluto.framework; sourceTree = BUILT_PRODUCTS_DIR; };
		DFEC71BD6A36F2AB50549034 /* Pods_PlutoUITests.framework */ = {isa = PBXFileReference; explicitFileType = wrapper.framework; includeInIndex = 0; path = Pods_PlutoUITests.framework; sourceTree = BUILT_PRODUCTS_DIR; };
/* End PBXFileReference section */

/* Begin PBXFrameworksBuildPhase section */
		062F07CB1F01C8F6008F3014 /* Frameworks */ = {
			isa = PBXFrameworksBuildPhase;
			buildActionMask = 2147483647;
			files = (
				59A92D86D3E4CD59512A36D6 /* Pods_Pluto.framework in Frameworks */,
			);
			runOnlyForDeploymentPostprocessing = 0;
		};
/* End PBXFrameworksBuildPhase section */

/* Begin PBXGroup section */
		062B03001F075673006B5C5B /* SCLAlertView */ = {
			isa = PBXGroup;
			children = (
				062B03011F075673006B5C5B /* Info.plist */,
				062B03021F075673006B5C5B /* SCLAlertView.swift */,
				062B03031F075673006B5C5B /* SCLExtensions.swift */,
			);
			path = SCLAlertView;
			sourceTree = "<group>";
		};
		062F07C51F01C8F6008F3014 = {
			isa = PBXGroup;
			children = (
				062F07D01F01C8F6008F3014 /* Pluto */,
				062F07CF1F01C8F6008F3014 /* Products */,
				3D8FD35569022D3F3255DC6C /* Pods */,
				ACCEDBB9A8DC8CC588CC448A /* Frameworks */,
			);
			sourceTree = "<group>";
		};
		062F07CF1F01C8F6008F3014 /* Products */ = {
			isa = PBXGroup;
			children = (
				062F07CE1F01C8F6008F3014 /* Pluto.app */,
			);
			name = Products;
			sourceTree = "<group>";
		};
		062F07D01F01C8F6008F3014 /* Pluto */ = {
			isa = PBXGroup;
			children = (
				06A2F1591F02C0B100FCA614 /* Pluto.entitlements */,
				062F07DB1F01C8F7008F3014 /* Assets.xcassets */,
				062F07E01F01C8F7008F3014 /* Info.plist */,
				06A2F14C1F01EBF700FCA614 /* GoogleService-Info.plist */,
				062F07DD1F01C8F7008F3014 /* LaunchScreen.storyboard */,
				062F07D11F01C8F6008F3014 /* AppDelegate.swift */,
				062F08021F01CD0D008F3014 /* Controllers */,
				06A2F15A1F02FBC400FCA614 /* Views */,
				06A2F1561F0229E900FCA614 /* Models */,
				06A2F1751F041C8900FCA614 /* Resources */,
				06A2F14E1F01F23400FCA614 /* Services */,
				06A2F1661F032E4B00FCA614 /* Utilities */,
				062F07D81F01C8F7008F3014 /* Pluto.xcdatamodeld */,
				06A2F18D1F041D1500FCA614 /* Pluto-Bridging-Header.h */,
			);
			path = Pluto;
			sourceTree = "<group>";
		};
		062F08021F01CD0D008F3014 /* Controllers */ = {
			isa = PBXGroup;
			children = (
				06A2F1551F0221C000FCA614 /* LoginController */,
				06A2F15D1F02FCBD00FCA614 /* MainController */,
				06A2F1731F04089D00FCA614 /* EventController.swift */,
				06A2F1941F055DEA00FCA614 /* MessageLogController.swift */,
				06EDB2BE1F13D5440066FF2E /* ProfileController.swift */,
			);
			name = Controllers;
			sourceTree = "<group>";
		};
		06A2F14E1F01F23400FCA614 /* Services */ = {
			isa = PBXGroup;
			children = (
				06A2F14F1F01F24E00FCA614 /* DataService.swift */,
				06A2F18E1F045C4E00FCA614 /* EventService.swift */,
				06A2F1921F04BAAB00FCA614 /* UserService.swift */,
				06A2F19B1F05915000FCA614 /* MessageService.swift */,
				06AE9A081F102035006F5BD5 /* LocationService.swift */,
			);
			name = Services;
			sourceTree = "<group>";
		};
		06A2F1551F0221C000FCA614 /* LoginController */ = {
			isa = PBXGroup;
			children = (
				062F07D31F01C8F6008F3014 /* LoginController.swift */,
				06A2F1531F02216900FCA614 /* LoginController+handlers.swift */,
			);
			name = LoginController;
			sourceTree = "<group>";
		};
		06A2F1561F0229E900FCA614 /* Models */ = {
			isa = PBXGroup;
			children = (
				06A2F1571F0229F500FCA614 /* User.swift */,
				06A2F1691F03366100FCA614 /* Event.swift */,
				06A2F1901F04B6A300FCA614 /* EventAnnotation.swift */,
				06A2F1991F058FF300FCA614 /* Message.swift */,
			);
			name = Models;
			sourceTree = "<group>";
		};
		06A2F15A1F02FBC400FCA614 /* Views */ = {
			isa = PBXGroup;
			children = (
				06EDB2B31F1327DE0066FF2E /* Base */,
				06A2F1611F031A1E00FCA614 /* MenuBar */,
				06A2F16B1F03721C00FCA614 /* MapCell.swift */,
				06A2F1961F05839E00FCA614 /* MessagesCell */,
				06EDB2BD1F134DCB0066FF2E /* FriendsView */,
				06EDB2B41F1327E80066FF2E /* Other */,
				06EDB2C01F13E5570066FF2E /* EventCell.swift */,
			);
			name = Views;
			sourceTree = "<group>";
		};
		06A2F15D1F02FCBD00FCA614 /* MainController */ = {
			isa = PBXGroup;
			children = (
				06A2F1511F02004100FCA614 /* MainController.swift */,
				06A2F15E1F03127B00FCA614 /* MainController+handlers.swift */,
			);
			name = MainController;
			sourceTree = "<group>";
		};
		06A2F1611F031A1E00FCA614 /* MenuBar */ = {
			isa = PBXGroup;
			children = (
				06A2F15B1F02FBD200FCA614 /* MenuBar.swift */,
				06A2F1621F031A3900FCA614 /* MenuCell.swift */,
			);
			name = MenuBar;
			sourceTree = "<group>";
		};
		06A2F1661F032E4B00FCA614 /* Utilities */ = {
			isa = PBXGroup;
			children = (
				06A2F1671F032E5C00FCA614 /* Constants.swift */,
				0689938F1F0C048500899045 /* Extensions.swift */,
			);
			name = Utilities;
			sourceTree = "<group>";
		};
		06A2F1751F041C8900FCA614 /* Resources */ = {
			isa = PBXGroup;
			children = (
				06A2F1761F041CAA00FCA614 /* GeoFire */,
				062B03001F075673006B5C5B /* SCLAlertView */,
			);
			name = Resources;
			sourceTree = "<group>";
		};
		06A2F1761F041CAA00FCA614 /* GeoFire */ = {
			isa = PBXGroup;
			children = (
				06A2F1771F041CAA00FCA614 /* API */,
				06A2F17C1F041CAA00FCA614 /* GeoFire-Prefix.pch */,
				06A2F17D1F041CAA00FCA614 /* Implementation */,
			);
			path = GeoFire;
			sourceTree = "<group>";
		};
		06A2F1771F041CAA00FCA614 /* API */ = {
			isa = PBXGroup;
			children = (
				06A2F1781F041CAA00FCA614 /* GeoFire.h */,
				06A2F1791F041CAA00FCA614 /* GFCircleQuery.h */,
				06A2F17A1F041CAA00FCA614 /* GFQuery.h */,
				06A2F17B1F041CAA00FCA614 /* GFRegionQuery.h */,
			);
			path = API;
			sourceTree = "<group>";
		};
		06A2F17D1F041CAA00FCA614 /* Implementation */ = {
			isa = PBXGroup;
			children = (
				06A2F17E1F041CAA00FCA614 /* GeoFire+Private.h */,
				06A2F17F1F041CAA00FCA614 /* GeoFire.m */,
				06A2F1801F041CAA00FCA614 /* GFBase32Utils.h */,
				06A2F1811F041CAA00FCA614 /* GFBase32Utils.m */,
				06A2F1821F041CAA00FCA614 /* GFGeoHash.h */,
				06A2F1831F041CAA00FCA614 /* GFGeoHash.m */,
				06A2F1841F041CAA00FCA614 /* GFGeoHashQuery.h */,
				06A2F1851F041CAA00FCA614 /* GFGeoHashQuery.m */,
				06A2F1861F041CAA00FCA614 /* GFQuery+Private.h */,
				06A2F1871F041CAA00FCA614 /* GFQuery.m */,
			);
			path = Implementation;
			sourceTree = "<group>";
		};
		06A2F1961F05839E00FCA614 /* MessagesCell */ = {
			isa = PBXGroup;
			children = (
				06A2F16D1F037BB500FCA614 /* MessagesCell.swift */,
				06A2F1971F0583C300FCA614 /* EventMessagesPreviewCell.swift */,
				06A2F19D1F06275D00FCA614 /* MessageBubbleCell.swift */,
				064AC71D1F0843C6009B7FE0 /* MessageInputContainerView.swift */,
			);
			name = MessagesCell;
			sourceTree = "<group>";
		};
		06EDB2B31F1327DE0066FF2E /* Base */ = {
			isa = PBXGroup;
			children = (
				06A2F1641F031AC800FCA614 /* BaseCollectionViewCell.swift */,
			);
			name = Base;
			sourceTree = "<group>";
		};
		06EDB2B41F1327E80066FF2E /* Other */ = {
			isa = PBXGroup;
			children = (
				06AE9A061F0EDA92006F5BD5 /* CustomFormRows.swift */,
			);
			name = Other;
			sourceTree = "<group>";
		};
		06EDB2BD1F134DCB0066FF2E /* FriendsView */ = {
			isa = PBXGroup;
			children = (
				06EDB2B71F1328F10066FF2E /* FriendsView.swift */,
				06EDB2BB1F134DC00066FF2E /* FriendCell.swift */,
			);
			name = FriendsView;
			sourceTree = "<group>";
		};
		3D8FD35569022D3F3255DC6C /* Pods */ = {
			isa = PBXGroup;
			children = (
				2E88C97749A68A95B04F28AB /* Pods-Pluto.debug.xcconfig */,
				46ABF12315458623F5736911 /* Pods-Pluto.release.xcconfig */,
			);
			name = Pods;
			sourceTree = "<group>";
		};
		ACCEDBB9A8DC8CC588CC448A /* Frameworks */ = {
			isa = PBXGroup;
			children = (
				CF89C375029B119D199AE2CB /* Pods_Pluto.framework */,
				00B237370D2F0E28D0100195 /* Pods_PlutoTests.framework */,
				DFEC71BD6A36F2AB50549034 /* Pods_PlutoUITests.framework */,
			);
			name = Frameworks;
			sourceTree = "<group>";
		};
/* End PBXGroup section */

/* Begin PBXNativeTarget section */
		062F07CD1F01C8F6008F3014 /* Pluto */ = {
			isa = PBXNativeTarget;
			buildConfigurationList = 062F07F91F01C8F7008F3014 /* Build configuration list for PBXNativeTarget "Pluto" */;
			buildPhases = (
				1C4860C3295EF2B947BCA7C4 /* [CP] Check Pods Manifest.lock */,
				062F07CA1F01C8F6008F3014 /* Sources */,
				062F07CB1F01C8F6008F3014 /* Frameworks */,
				062F07CC1F01C8F6008F3014 /* Resources */,
				AC4A6BB77018F201FF87339A /* [CP] Embed Pods Frameworks */,
				81132090D4C73DDD0C057D37 /* [CP] Copy Pods Resources */,
			);
			buildRules = (
			);
			dependencies = (
			);
			name = Pluto;
			productName = Pluto;
			productReference = 062F07CE1F01C8F6008F3014 /* Pluto.app */;
			productType = "com.apple.product-type.application";
		};
/* End PBXNativeTarget section */

/* Begin PBXProject section */
		062F07C61F01C8F6008F3014 /* Project object */ = {
			isa = PBXProject;
			attributes = {
				LastSwiftUpdateCheck = 0830;
				LastUpgradeCheck = 0830;
				ORGANIZATIONNAME = "Faisal M. Lalani";
				TargetAttributes = {
					062F07CD1F01C8F6008F3014 = {
						CreatedOnToolsVersion = 8.3.3;
						DevelopmentTeam = 3KFDZ263TX;
						ProvisioningStyle = Automatic;
						SystemCapabilities = {
							com.apple.Keychain = {
								enabled = 1;
							};
							com.apple.Push = {
								enabled = 0;
							};
						};
					};
				};
			};
			buildConfigurationList = 062F07C91F01C8F6008F3014 /* Build configuration list for PBXProject "Pluto" */;
			compatibilityVersion = "Xcode 3.2";
			developmentRegion = English;
			hasScannedForEncodings = 0;
			knownRegions = (
				en,
				Base,
			);
			mainGroup = 062F07C51F01C8F6008F3014;
			productRefGroup = 062F07CF1F01C8F6008F3014 /* Products */;
			projectDirPath = "";
			projectRoot = "";
			targets = (
				062F07CD1F01C8F6008F3014 /* Pluto */,
			);
		};
/* End PBXProject section */

/* Begin PBXResourcesBuildPhase section */
		062F07CC1F01C8F6008F3014 /* Resources */ = {
			isa = PBXResourcesBuildPhase;
			buildActionMask = 2147483647;
			files = (
				062B03041F075673006B5C5B /* Info.plist in Resources */,
				062F07DF1F01C8F7008F3014 /* LaunchScreen.storyboard in Resources */,
				062F07DC1F01C8F7008F3014 /* Assets.xcassets in Resources */,
				06A2F14D1F01EBF700FCA614 /* GoogleService-Info.plist in Resources */,
			);
			runOnlyForDeploymentPostprocessing = 0;
		};
/* End PBXResourcesBuildPhase section */

/* Begin PBXShellScriptBuildPhase section */
		1C4860C3295EF2B947BCA7C4 /* [CP] Check Pods Manifest.lock */ = {
			isa = PBXShellScriptBuildPhase;
			buildActionMask = 2147483647;
			files = (
			);
			inputPaths = (
			);
			name = "[CP] Check Pods Manifest.lock";
			outputPaths = (
			);
			runOnlyForDeploymentPostprocessing = 0;
			shellPath = /bin/sh;
			shellScript = "diff \"${PODS_ROOT}/../Podfile.lock\" \"${PODS_ROOT}/Manifest.lock\" > /dev/null\nif [ $? != 0 ] ; then\n    # print error to STDERR\n    echo \"error: The sandbox is not in sync with the Podfile.lock. Run 'pod install' or update your CocoaPods installation.\" >&2\n    exit 1\nfi\n";
			showEnvVarsInLog = 0;
		};
		81132090D4C73DDD0C057D37 /* [CP] Copy Pods Resources */ = {
			isa = PBXShellScriptBuildPhase;
			buildActionMask = 2147483647;
			files = (
			);
			inputPaths = (
			);
			name = "[CP] Copy Pods Resources";
			outputPaths = (
			);
			runOnlyForDeploymentPostprocessing = 0;
			shellPath = /bin/sh;
			shellScript = "\"${SRCROOT}/Pods/Target Support Files/Pods-Pluto/Pods-Pluto-resources.sh\"\n";
			showEnvVarsInLog = 0;
		};
		AC4A6BB77018F201FF87339A /* [CP] Embed Pods Frameworks */ = {
			isa = PBXShellScriptBuildPhase;
			buildActionMask = 2147483647;
			files = (
			);
			inputPaths = (
			);
			name = "[CP] Embed Pods Frameworks";
			outputPaths = (
			);
			runOnlyForDeploymentPostprocessing = 0;
			shellPath = /bin/sh;
			shellScript = "\"${SRCROOT}/Pods/Target Support Files/Pods-Pluto/Pods-Pluto-frameworks.sh\"\n";
			showEnvVarsInLog = 0;
		};
/* End PBXShellScriptBuildPhase section */

/* Begin PBXSourcesBuildPhase section */
		062F07CA1F01C8F6008F3014 /* Sources */ = {
			isa = PBXSourcesBuildPhase;
			buildActionMask = 2147483647;
			files = (
				062B03061F075673006B5C5B /* SCLExtensions.swift in Sources */,
				062F07D41F01C8F6008F3014 /* LoginController.swift in Sources */,
				062F07D21F01C8F6008F3014 /* AppDelegate.swift in Sources */,
				062B03051F075673006B5C5B /* SCLAlertView.swift in Sources */,
				06A2F15C1F02FBD200FCA614 /* MenuBar.swift in Sources */,
				06A2F1541F02216900FCA614 /* LoginController+handlers.swift in Sources */,
				06A2F19A1F058FF300FCA614 /* Message.swift in Sources */,
				06EDB2C11F13E5570066FF2E /* EventCell.swift in Sources */,
				06AE9A091F102035006F5BD5 /* LocationService.swift in Sources */,
				06A2F1651F031AC800FCA614 /* BaseCollectionViewCell.swift in Sources */,
				062F07DA1F01C8F7008F3014 /* Pluto.xcdatamodeld in Sources */,
				06A2F1931F04BAAB00FCA614 /* UserService.swift in Sources */,
				06A2F1881F041CAA00FCA614 /* GeoFire.m in Sources */,
				06A2F1501F01F24E00FCA614 /* DataService.swift in Sources */,
				06A2F1741F04089D00FCA614 /* EventController.swift in Sources */,
				06A2F19E1F06275D00FCA614 /* MessageBubbleCell.swift in Sources */,
				06A2F18B1F041CAA00FCA614 /* GFGeoHashQuery.m in Sources */,
				06A2F16C1F03721C00FCA614 /* MapCell.swift in Sources */,
				06A2F16E1F037BB500FCA614 /* MessagesCell.swift in Sources */,
				06A2F18C1F041CAA00FCA614 /* GFQuery.m in Sources */,
				06A2F1911F04B6A300FCA614 /* EventAnnotation.swift in Sources */,
				06A2F1631F031A3900FCA614 /* MenuCell.swift in Sources */,
				06EDB2BF1F13D5440066FF2E /* ProfileController.swift in Sources */,
				06A2F1951F055DEA00FCA614 /* MessageLogController.swift in Sources */,
				06A2F15F1F03127B00FCA614 /* MainController+handlers.swift in Sources */,
				06A2F1521F02004100FCA614 /* MainController.swift in Sources */,
				06A2F1981F0583C300FCA614 /* EventMessagesPreviewCell.swift in Sources */,
				06A2F1581F0229F500FCA614 /* User.swift in Sources */,
				06A2F1891F041CAA00FCA614 /* GFBase32Utils.m in Sources */,
				06A2F19C1F05915000FCA614 /* MessageService.swift in Sources */,
				06A2F18F1F045C4E00FCA614 /* EventService.swift in Sources */,
				06A2F1681F032E5C00FCA614 /* Constants.swift in Sources */,
				06EDB2B81F1328F10066FF2E /* FriendsView.swift in Sources */,
				06A2F18A1F041CAA00FCA614 /* GFGeoHash.m in Sources */,
				06A2F16A1F03366100FCA614 /* Event.swift in Sources */,
				06EDB2BC1F134DC00066FF2E /* FriendCell.swift in Sources */,
				068993901F0C048500899045 /* Extensions.swift in Sources */,
				064AC71E1F0843C6009B7FE0 /* MessageInputContainerView.swift in Sources */,
				06AE9A071F0EDA92006F5BD5 /* CustomFormRows.swift in Sources */,
			);
			runOnlyForDeploymentPostprocessing = 0;
		};
/* End PBXSourcesBuildPhase section */

/* Begin PBXVariantGroup section */
		062F07DD1F01C8F7008F3014 /* LaunchScreen.storyboard */ = {
			isa = PBXVariantGroup;
			children = (
				062F07DE1F01C8F7008F3014 /* Base */,
			);
			name = LaunchScreen.storyboard;
			sourceTree = "<group>";
		};
/* End PBXVariantGroup section */

/* Begin XCBuildConfiguration section */
		062F07F71F01C8F7008F3014 /* Debug */ = {
			isa = XCBuildConfiguration;
			buildSettings = {
				ALWAYS_SEARCH_USER_PATHS = NO;
				CLANG_ANALYZER_NONNULL = YES;
				CLANG_ANALYZER_NUMBER_OBJECT_CONVERSION = YES_AGGRESSIVE;
				CLANG_CXX_LANGUAGE_STANDARD = "gnu++0x";
				CLANG_CXX_LIBRARY = "libc++";
				CLANG_ENABLE_MODULES = YES;
				CLANG_ENABLE_OBJC_ARC = YES;
				CLANG_WARN_BOOL_CONVERSION = YES;
				CLANG_WARN_CONSTANT_CONVERSION = YES;
				CLANG_WARN_DIRECT_OBJC_ISA_USAGE = YES_ERROR;
				CLANG_WARN_DOCUMENTATION_COMMENTS = YES;
				CLANG_WARN_EMPTY_BODY = YES;
				CLANG_WARN_ENUM_CONVERSION = YES;
				CLANG_WARN_INFINITE_RECURSION = YES;
				CLANG_WARN_INT_CONVERSION = YES;
				CLANG_WARN_OBJC_ROOT_CLASS = YES_ERROR;
				CLANG_WARN_SUSPICIOUS_MOVE = YES;
				CLANG_WARN_UNREACHABLE_CODE = YES;
				CLANG_WARN__DUPLICATE_METHOD_MATCH = YES;
				"CODE_SIGN_IDENTITY[sdk=iphoneos*]" = "iPhone Developer";
				COPY_PHASE_STRIP = NO;
				DEBUG_INFORMATION_FORMAT = dwarf;
				ENABLE_STRICT_OBJC_MSGSEND = YES;
				ENABLE_TESTABILITY = YES;
				GCC_C_LANGUAGE_STANDARD = gnu99;
				GCC_DYNAMIC_NO_PIC = NO;
				GCC_NO_COMMON_BLOCKS = YES;
				GCC_OPTIMIZATION_LEVEL = 0;
				GCC_PREPROCESSOR_DEFINITIONS = (
					"DEBUG=1",
					"$(inherited)",
				);
				GCC_WARN_64_TO_32_BIT_CONVERSION = YES;
				GCC_WARN_ABOUT_RETURN_TYPE = YES_ERROR;
				GCC_WARN_UNDECLARED_SELECTOR = YES;
				GCC_WARN_UNINITIALIZED_AUTOS = YES_AGGRESSIVE;
				GCC_WARN_UNUSED_FUNCTION = YES;
				GCC_WARN_UNUSED_VARIABLE = YES;
				IPHONEOS_DEPLOYMENT_TARGET = 10.3;
				MTL_ENABLE_DEBUG_INFO = YES;
				ONLY_ACTIVE_ARCH = YES;
				SDKROOT = iphoneos;
				SWIFT_ACTIVE_COMPILATION_CONDITIONS = DEBUG;
				SWIFT_OPTIMIZATION_LEVEL = "-Onone";
			};
			name = Debug;
		};
		062F07F81F01C8F7008F3014 /* Release */ = {
			isa = XCBuildConfiguration;
			buildSettings = {
				ALWAYS_SEARCH_USER_PATHS = NO;
				CLANG_ANALYZER_NONNULL = YES;
				CLANG_ANALYZER_NUMBER_OBJECT_CONVERSION = YES_AGGRESSIVE;
				CLANG_CXX_LANGUAGE_STANDARD = "gnu++0x";
				CLANG_CXX_LIBRARY = "libc++";
				CLANG_ENABLE_MODULES = YES;
				CLANG_ENABLE_OBJC_ARC = YES;
				CLANG_WARN_BOOL_CONVERSION = YES;
				CLANG_WARN_CONSTANT_CONVERSION = YES;
				CLANG_WARN_DIRECT_OBJC_ISA_USAGE = YES_ERROR;
				CLANG_WARN_DOCUMENTATION_COMMENTS = YES;
				CLANG_WARN_EMPTY_BODY = YES;
				CLANG_WARN_ENUM_CONVERSION = YES;
				CLANG_WARN_INFINITE_RECURSION = YES;
				CLANG_WARN_INT_CONVERSION = YES;
				CLANG_WARN_OBJC_ROOT_CLASS = YES_ERROR;
				CLANG_WARN_SUSPICIOUS_MOVE = YES;
				CLANG_WARN_UNREACHABLE_CODE = YES;
				CLANG_WARN__DUPLICATE_METHOD_MATCH = YES;
				"CODE_SIGN_IDENTITY[sdk=iphoneos*]" = "iPhone Developer";
				COPY_PHASE_STRIP = NO;
				DEBUG_INFORMATION_FORMAT = "dwarf-with-dsym";
				ENABLE_NS_ASSERTIONS = NO;
				ENABLE_STRICT_OBJC_MSGSEND = YES;
				GCC_C_LANGUAGE_STANDARD = gnu99;
				GCC_NO_COMMON_BLOCKS = YES;
				GCC_WARN_64_TO_32_BIT_CONVERSION = YES;
				GCC_WARN_ABOUT_RETURN_TYPE = YES_ERROR;
				GCC_WARN_UNDECLARED_SELECTOR = YES;
				GCC_WARN_UNINITIALIZED_AUTOS = YES_AGGRESSIVE;
				GCC_WARN_UNUSED_FUNCTION = YES;
				GCC_WARN_UNUSED_VARIABLE = YES;
				IPHONEOS_DEPLOYMENT_TARGET = 10.3;
				MTL_ENABLE_DEBUG_INFO = NO;
				SDKROOT = iphoneos;
				SWIFT_OPTIMIZATION_LEVEL = "-Owholemodule";
				VALIDATE_PRODUCT = YES;
			};
			name = Release;
		};
		062F07FA1F01C8F7008F3014 /* Debug */ = {
			isa = XCBuildConfiguration;
			baseConfigurationReference = 2E88C97749A68A95B04F28AB /* Pods-Pluto.debug.xcconfig */;
			buildSettings = {
				ALWAYS_EMBED_SWIFT_STANDARD_LIBRARIES = YES;
				ASSETCATALOG_COMPILER_APPICON_NAME = AppIcon;
				CODE_SIGN_ENTITLEMENTS = Pluto/Pluto.entitlements;
				DEVELOPMENT_TEAM = 3KFDZ263TX;
				INFOPLIST_FILE = Pluto/Info.plist;
				IPHONEOS_DEPLOYMENT_TARGET = 10.0;
				LD_RUNPATH_SEARCH_PATHS = "$(inherited) @executable_path/Frameworks";
				PRODUCT_BUNDLE_IDENTIFIER = com.faisalmlalani.Pluto;
				PRODUCT_NAME = "$(TARGET_NAME)";
				SWIFT_OBJC_BRIDGING_HEADER = "Pluto/Pluto-Bridging-Header.h";
				SWIFT_VERSION = 3.0;
			};
			name = Debug;
		};
		062F07FB1F01C8F7008F3014 /* Release */ = {
			isa = XCBuildConfiguration;
			baseConfigurationReference = 46ABF12315458623F5736911 /* Pods-Pluto.release.xcconfig */;
			buildSettings = {
				ALWAYS_EMBED_SWIFT_STANDARD_LIBRARIES = YES;
				ASSETCATALOG_COMPILER_APPICON_NAME = AppIcon;
				CODE_SIGN_ENTITLEMENTS = Pluto/Pluto.entitlements;
				DEVELOPMENT_TEAM = 3KFDZ263TX;
				INFOPLIST_FILE = Pluto/Info.plist;
				IPHONEOS_DEPLOYMENT_TARGET = 10.0;
				LD_RUNPATH_SEARCH_PATHS = "$(inherited) @executable_path/Frameworks";
				PRODUCT_BUNDLE_IDENTIFIER = com.faisalmlalani.Pluto;
				PRODUCT_NAME = "$(TARGET_NAME)";
				SWIFT_OBJC_BRIDGING_HEADER = "Pluto/Pluto-Bridging-Header.h";
				SWIFT_VERSION = 3.0;
			};
			name = Release;
		};
/* End XCBuildConfiguration section */

/* Begin XCConfigurationList section */
		062F07C91F01C8F6008F3014 /* Build configuration list for PBXProject "Pluto" */ = {
			isa = XCConfigurationList;
			buildConfigurations = (
				062F07F71F01C8F7008F3014 /* Debug */,
				062F07F81F01C8F7008F3014 /* Release */,
			);
			defaultConfigurationIsVisible = 0;
			defaultConfigurationName = Release;
		};
		062F07F91F01C8F7008F3014 /* Build configuration list for PBXNativeTarget "Pluto" */ = {
			isa = XCConfigurationList;
			buildConfigurations = (
				062F07FA1F01C8F7008F3014 /* Debug */,
				062F07FB1F01C8F7008F3014 /* Release */,
			);
			defaultConfigurationIsVisible = 0;
			defaultConfigurationName = Release;
		};
/* End XCConfigurationList section */

/* Begin XCVersionGroup section */
		062F07D81F01C8F7008F3014 /* Pluto.xcdatamodeld */ = {
			isa = XCVersionGroup;
			children = (
				062F07D91F01C8F7008F3014 /* Pluto.xcdatamodel */,
			);
			currentVersion = 062F07D91F01C8F7008F3014 /* Pluto.xcdatamodel */;
			path = Pluto.xcdatamodeld;
			sourceTree = "<group>";
			versionGroupType = wrapper.xcdatamodel;
		};
/* End XCVersionGroup section */
	};
	rootObject = 062F07C61F01C8F6008F3014 /* Project object */;
}
